# This file was autogenerated by Stack.
# You should not edit this file by hand.
# For more information, please see the documentation at:
#   https://docs.haskellstack.org/en/stable/lock_files

packages: []
snapshots:
- completed:
    sha256: 72b3022f32efdd5c2dedbaf223540fbd4d7411ab7144a328501d23f547c3364f
    size: 693612
    url: https://raw.githubusercontent.com/commercialhaskell/stackage-snapshots/master/nightly/2023/10/15.yaml
  original: nightly-2023-10-15
